
Microsoft Visual Studio Solution File, Format Version 12.00
# Visual Studio 15
VisualStudioVersion = 15.0.28307.1062
MinimumVisualStudioVersion = 10.0.40219.1
Project("{9A19103F-16F7-4668-BE54-9A1E7A4F7556}") = "TestsGeneratorLib", "TestsGeneratorLib\TestsGeneratorLib.csproj", "{ABB92281-DA3E-488B-9B77-D12E937A76CF}"
EndProject
Project("{9A19103F-16F7-4668-BE54-9A1E7A4F7556}") = "TestGeneratorLib.Tests", "TestGeneratorLib.Tests\TestGeneratorLib.Tests.csproj", "{EE15D919-1B1E-4C85-B33F-868E6AE2188B}"
EndProject
Project("{FAE04EC0-301F-11D3-BF4B-00C04F79EFBC}") = "TestsGeneratorTool", "TestsGeneratoTool\TestsGeneratorTool.csproj", "{D10D58DB-94A2-4ED5-B942-D393C8EBDC9D}"
EndProject
Global
	GlobalSection(SolutionConfigurationPlatforms) = preSolution
		Debug|Any CPU = Debug|Any CPU
		Release|Any CPU = Release|Any CPU
	EndGlobalSection
	GlobalSection(ProjectConfigurationPlatforms) = postSolution
		{ABB92281-DA3E-488B-9B77-D12E937A76CF}.Debug|Any CPU.ActiveCfg = Debug|Any CPU
		{ABB92281-DA3E-488B-9B77-D12E937A76CF}.Debug|Any CPU.Build.0 = Debug|Any CPU
		{ABB92281-DA3E-488B-9B77-D12E937A76CF}.Release|Any CPU.ActiveCfg = Release|Any CPU
		{ABB92281-DA3E-488B-9B77-D12E937A76CF}.Release|Any CPU.Build.0 = Release|Any CPU
		{EE15D919-1B1E-4C85-B33F-868E6AE2188B}.Debug|Any CPU.ActiveCfg = Debug|Any CPU
		{EE15D919-1B1E-4C85-B33F-868E6AE2188B}.Debug|Any CPU.Build.0 = Debug|Any CPU
		{EE15D919-1B1E-4C85-B33F-868E6AE2188B}.Release|Any CPU.ActiveCfg = Release|Any CPU
		{EE15D919-1B1E-4C85-B33F-868E6AE2188B}.Release|Any CPU.Build.0 = Release|Any CPU
		{D10D58DB-94A2-4ED5-B942-D393C8EBDC9D}.Debug|Any CPU.ActiveCfg = Debug|Any CPU
		{D10D58DB-94A2-4ED5-B942-D393C8EBDC9D}.Debug|Any CPU.Build.0 = Debug|Any CPU
		{D10D58DB-94A2-4ED5-B942-D393C8EBDC9D}.Release|Any CPU.ActiveCfg = Release|Any CPU
		{D10D58DB-94A2-4ED5-B942-D393C8EBDC9D}.Release|Any CPU.Build.0 = Release|Any CPU
	EndGlobalSection
	GlobalSection(SolutionProperties) = preSolution
		HideSolutionNode = FALSE
	EndGlobalSection
	GlobalSection(ExtensibilityGlobals) = postSolution
		SolutionGuid = {D416300B-EBCA-46DE-A636-94D07BE640BC}
	EndGlobalSection
EndGlobal
